<?xml version="1.0" encoding="utf-8"?>
<Project ToolsVersion="4.0" xmlns="http://schemas.microsoft.com/developer/msbuild/2003">
  <ItemGroup>
    <Filter Include="Intersect">
      <UniqueIdentifier>{c5854fce-4073-493b-9cb2-765033d2bad7}</UniqueIdentifier>
    </Filter>
    <Filter Include="Containment">
      <UniqueIdentifier>{69805c5b-5969-429e-8d7d-e1d039813f8c}</UniqueIdentifier>
    </Filter>
  </ItemGroup>
  <ItemGroup>
    <ClInclude Include="$(MSBuildThisFileDirectory)..\Intersector.hpp">
      <Filter>Intersect</Filter>
    </ClInclude>
    <ClInclude Include="$(MSBuildThisFileDirectory)..\IntrBox2Box2.hpp">
      <Filter>Intersect</Filter>
    </ClInclude>
    <ClInclude Include="$(MSBuildThisFileDirectory)..\IntrBox3Box3.hpp">
      <Filter>Intersect</Filter>
    </ClInclude>
    <ClInclude Include="$(MSBuildThisFileDirectory)..\IntrBox2Sphere2.hpp">
      <Filter>Intersect</Filter>
    </ClInclude>
    <ClInclude Include="$(MSBuildThisFileDirectory)..\IntrBox3Sphere3.hpp">
      <Filter>Intersect</Filter>
    </ClInclude>
    <ClInclude Include="$(MSBuildThisFileDirectory)..\IntrSphere2Sphere2.hpp">
      <Filter>Intersect</Filter>
    </ClInclude>
    <ClInclude Include="$(MSBuildThisFileDirectory)..\IntrSphere3Sphere3.hpp">
      <Filter>Intersect</Filter>
    </ClInclude>
    <ClInclude Include="$(MSBuildThisFileDirectory)..\IntrBox3Plane3.hpp">
      <Filter>Intersect</Filter>
    </ClInclude>
    <ClInclude Include="$(MSBuildThisFileDirectory)..\IntrLine3Box3.hpp">
      <Filter>Intersect</Filter>
    </ClInclude>
    <ClInclude Include="$(MSBuildThisFileDirectory)..\IntrLine3Sphere3.hpp">
      <Filter>Intersect</Filter>
    </ClInclude>
    <ClInclude Include="$(MSBuildThisFileDirectory)..\IntrRay3Box3.hpp">
      <Filter>Intersect</Filter>
    </ClInclude>
    <ClInclude Include="$(MSBuildThisFileDirectory)..\IntrRay3Plane3.hpp">
      <Filter>Intersect</Filter>
    </ClInclude>
    <ClInclude Include="$(MSBuildThisFileDirectory)..\IntrRay3Sphere3.hpp">
      <Filter>Intersect</Filter>
    </ClInclude>
    <ClInclude Include="$(MSBuildThisFileDirectory)..\IntrRay3Triangle3.hpp">
      <Filter>Intersect</Filter>
    </ClInclude>
    <ClInclude Include="$(MSBuildThisFileDirectory)..\ContainmentBox2.hpp">
      <Filter>Containment</Filter>
    </ClInclude>
    <ClInclude Include="$(MSBuildThisFileDirectory)..\ContainmentBox3.hpp">
      <Filter>Containment</Filter>
    </ClInclude>
    <ClInclude Include="$(MSBuildThisFileDirectory)..\ContainmentSphere2.hpp">
      <Filter>Containment</Filter>
    </ClInclude>
    <ClInclude Include="$(MSBuildThisFileDirectory)..\ContainmentSphere3.hpp">
      <Filter>Containment</Filter>
    </ClInclude>
  </ItemGroup>
  <ItemGroup>
    <ClCompile Include="$(MSBuildThisFileDirectory)..\Intersector.cpp">
      <Filter>Intersect</Filter>
    </ClCompile>
    <ClCompile Include="$(MSBuildThisFileDirectory)..\IntrBox2Box2.cpp">
      <Filter>Intersect</Filter>
    </ClCompile>
    <ClCompile Include="$(MSBuildThisFileDirectory)..\IntrBox3Box3.cpp">
      <Filter>Intersect</Filter>
    </ClCompile>
    <ClCompile Include="$(MSBuildThisFileDirectory)..\IntrBox2Sphere2.cpp">
      <Filter>Intersect</Filter>
    </ClCompile>
    <ClCompile Include="$(MSBuildThisFileDirectory)..\IntrBox3Sphere3.cpp">
      <Filter>Intersect</Filter>
    </ClCompile>
    <ClCompile Include="$(MSBuildThisFileDirectory)..\IntrSphere2Sphere2.cpp">
      <Filter>Intersect</Filter>
    </ClCompile>
    <ClCompile Include="$(MSBuildThisFileDirectory)..\IntrSphere3Sphere3.cpp">
      <Filter>Intersect</Filter>
    </ClCompile>
    <ClCompile Include="$(MSBuildThisFileDirectory)..\IntrBox3Plane3.cpp">
      <Filter>Intersect</Filter>
    </ClCompile>
    <ClCompile Include="$(MSBuildThisFileDirectory)..\IntrLine3Box3.cpp">
      <Filter>Intersect</Filter>
    </ClCompile>
    <ClCompile Include="$(MSBuildThisFileDirectory)..\IntrLine3Sphere3.cpp">
      <Filter>Intersect</Filter>
    </ClCompile>
    <ClCompile Include="$(MSBuildThisFileDirectory)..\IntrRay3Box3.cpp">
      <Filter>Intersect</Filter>
    </ClCompile>
    <ClCompile Include="$(MSBuildThisFileDirectory)..\IntrRay3Plane3.cpp">
      <Filter>Intersect</Filter>
    </ClCompile>
    <ClCompile Include="$(MSBuildThisFileDirectory)..\IntrRay3Sphere3.cpp">
      <Filter>Intersect</Filter>
    </ClCompile>
    <ClCompile Include="$(MSBuildThisFileDirectory)..\IntrRay3Triangle3.cpp">
      <Filter>Intersect</Filter>
    </ClCompile>
    <ClCompile Include="$(MSBuildThisFileDirectory)..\ContainmentBox2.cpp">
      <Filter>Containment</Filter>
    </ClCompile>
    <ClCompile Include="$(MSBuildThisFileDirectory)..\ContainmentBox3.cpp">
      <Filter>Containment</Filter>
    </ClCompile>
    <ClCompile Include="$(MSBuildThisFileDirectory)..\ContainmentSphere2.cpp">
      <Filter>Containment</Filter>
    </ClCompile>
    <ClCompile Include="$(MSBuildThisFileDirectory)..\ContainmentSphere3.cpp">
      <Filter>Containment</Filter>
    </ClCompile>
  </ItemGroup>
</Project>