<?xml version="1.0" encoding="utf-8"?>
<Project ToolsVersion="4.0" xmlns="http://schemas.microsoft.com/developer/msbuild/2003">
  <ItemGroup>
    <Filter Include="Vector">
      <UniqueIdentifier>{e56090e8-dc31-47e2-999d-0859bf3c1ccb}</UniqueIdentifier>
    </Filter>
    <Filter Include="Math">
      <UniqueIdentifier>{3a1474ef-540e-4b8f-a6c8-6e1b2d33c6b6}</UniqueIdentifier>
    </Filter>
    <Filter Include="Angle">
      <UniqueIdentifier>{4f6a364e-f0a5-4a24-9eff-c69fbc03d64f}</UniqueIdentifier>
    </Filter>
    <Filter Include="Color">
      <UniqueIdentifier>{a4f498c9-6efa-4c26-90dc-156592e7d330}</UniqueIdentifier>
    </Filter>
    <Filter Include="Algebra">
      <UniqueIdentifier>{7bb14174-e21a-4c4c-a0e6-3613aed40e21}</UniqueIdentifier>
    </Filter>
    <Filter Include="Matrix">
      <UniqueIdentifier>{a08ee348-740c-4a30-a38d-9e73aca775d1}</UniqueIdentifier>
    </Filter>
    <Filter Include="Quaternion">
      <UniqueIdentifier>{1b53390e-3033-4c85-ad33-db9e8c766882}</UniqueIdentifier>
    </Filter>
    <Filter Include="Box">
      <UniqueIdentifier>{d94421fd-a810-4196-869f-4375ceaf74eb}</UniqueIdentifier>
    </Filter>
    <Filter Include="Line">
      <UniqueIdentifier>{6bdb8574-af83-4cc5-96af-299f27d51bfa}</UniqueIdentifier>
    </Filter>
    <Filter Include="Sphere">
      <UniqueIdentifier>{43208683-3585-48c3-9cab-1d98088e253c}</UniqueIdentifier>
    </Filter>
    <Filter Include="Ray">
      <UniqueIdentifier>{b8525983-3c8a-450f-a7c6-2ac784a88943}</UniqueIdentifier>
    </Filter>
    <Filter Include="Triangle">
      <UniqueIdentifier>{ea1f7a88-1bdc-4e87-8fb0-b4874c85df79}</UniqueIdentifier>
    </Filter>
  </ItemGroup>
  <ItemGroup>
    <ClCompile Include="$(MSBuildThisFileDirectory)..\Vector2.cpp">
      <Filter>Vector</Filter>
    </ClCompile>
    <ClCompile Include="$(MSBuildThisFileDirectory)..\MathGlobal.cpp">
      <Filter>Math</Filter>
    </ClCompile>
    <ClCompile Include="$(MSBuildThisFileDirectory)..\Vector3.cpp">
      <Filter>Vector</Filter>
    </ClCompile>
    <ClCompile Include="$(MSBuildThisFileDirectory)..\Vector4.cpp">
      <Filter>Vector</Filter>
    </ClCompile>
    <ClCompile Include="$(MSBuildThisFileDirectory)..\Radian.cpp">
      <Filter>Angle</Filter>
    </ClCompile>
    <ClCompile Include="$(MSBuildThisFileDirectory)..\Degree.cpp">
      <Filter>Angle</Filter>
    </ClCompile>
    <ClCompile Include="$(MSBuildThisFileDirectory)..\ColorRGB.cpp">
      <Filter>Color</Filter>
    </ClCompile>
    <ClCompile Include="$(MSBuildThisFileDirectory)..\ColorRGBA.cpp">
      <Filter>Color</Filter>
    </ClCompile>
    <ClCompile Include="$(MSBuildThisFileDirectory)..\Matrix2.cpp">
      <Filter>Matrix</Filter>
    </ClCompile>
    <ClCompile Include="$(MSBuildThisFileDirectory)..\Matrix3.cpp">
      <Filter>Matrix</Filter>
    </ClCompile>
    <ClCompile Include="$(MSBuildThisFileDirectory)..\Matrix4.cpp">
      <Filter>Matrix</Filter>
    </ClCompile>
    <ClCompile Include="$(MSBuildThisFileDirectory)..\EigenDecompose.cpp">
      <Filter>Algebra</Filter>
    </ClCompile>
    <ClCompile Include="$(MSBuildThisFileDirectory)..\EulerRotations.cpp">
      <Filter>Algebra</Filter>
    </ClCompile>
    <ClCompile Include="$(MSBuildThisFileDirectory)..\Quaternion.cpp">
      <Filter>Quaternion</Filter>
    </ClCompile>
    <ClCompile Include="$(MSBuildThisFileDirectory)..\QuaternionDecompose.cpp">
      <Filter>Quaternion</Filter>
    </ClCompile>
    <ClCompile Include="$(MSBuildThisFileDirectory)..\Box2.cpp">
      <Filter>Box</Filter>
    </ClCompile>
    <ClCompile Include="$(MSBuildThisFileDirectory)..\Box3.cpp">
      <Filter>Box</Filter>
    </ClCompile>
    <ClCompile Include="$(MSBuildThisFileDirectory)..\Line2.cpp">
      <Filter>Line</Filter>
    </ClCompile>
    <ClCompile Include="$(MSBuildThisFileDirectory)..\Line3.cpp">
      <Filter>Line</Filter>
    </ClCompile>
    <ClCompile Include="$(MSBuildThisFileDirectory)..\Sphere2.cpp">
      <Filter>Sphere</Filter>
    </ClCompile>
    <ClCompile Include="$(MSBuildThisFileDirectory)..\Sphere3.cpp">
      <Filter>Sphere</Filter>
    </ClCompile>
    <ClCompile Include="$(MSBuildThisFileDirectory)..\Ray2.cpp">
      <Filter>Ray</Filter>
    </ClCompile>
    <ClCompile Include="$(MSBuildThisFileDirectory)..\Ray3.cpp">
      <Filter>Ray</Filter>
    </ClCompile>
    <ClCompile Include="$(MSBuildThisFileDirectory)..\Triangle2.cpp">
      <Filter>Triangle</Filter>
    </ClCompile>
    <ClCompile Include="$(MSBuildThisFileDirectory)..\Triangle3.cpp">
      <Filter>Triangle</Filter>
    </ClCompile>
  </ItemGroup>
  <ItemGroup>
    <ClInclude Include="$(MSBuildThisFileDirectory)..\Vector2.hpp">
      <Filter>Vector</Filter>
    </ClInclude>
    <ClInclude Include="$(MSBuildThisFileDirectory)..\Math.hpp">
      <Filter>Math</Filter>
    </ClInclude>
    <ClInclude Include="$(MSBuildThisFileDirectory)..\MathGlobal.hpp">
      <Filter>Math</Filter>
    </ClInclude>
    <ClInclude Include="$(MSBuildThisFileDirectory)..\Vector3.hpp">
      <Filter>Vector</Filter>
    </ClInclude>
    <ClInclude Include="$(MSBuildThisFileDirectory)..\Vector4.hpp">
      <Filter>Vector</Filter>
    </ClInclude>
    <ClInclude Include="$(MSBuildThisFileDirectory)..\Radian.hpp">
      <Filter>Angle</Filter>
    </ClInclude>
    <ClInclude Include="$(MSBuildThisFileDirectory)..\Degree.hpp">
      <Filter>Angle</Filter>
    </ClInclude>
    <ClInclude Include="$(MSBuildThisFileDirectory)..\ColorRGB.hpp">
      <Filter>Color</Filter>
    </ClInclude>
    <ClInclude Include="$(MSBuildThisFileDirectory)..\ColorRGBA.hpp">
      <Filter>Color</Filter>
    </ClInclude>
    <ClInclude Include="$(MSBuildThisFileDirectory)..\Matrix2.hpp">
      <Filter>Matrix</Filter>
    </ClInclude>
    <ClInclude Include="$(MSBuildThisFileDirectory)..\Matrix3.hpp">
      <Filter>Matrix</Filter>
    </ClInclude>
    <ClInclude Include="$(MSBuildThisFileDirectory)..\EigenDecompose.hpp">
      <Filter>Algebra</Filter>
    </ClInclude>
    <ClInclude Include="$(MSBuildThisFileDirectory)..\EulerAngles.hpp">
      <Filter>Algebra</Filter>
    </ClInclude>
    <ClInclude Include="$(MSBuildThisFileDirectory)..\Matrix4.hpp">
      <Filter>Matrix</Filter>
    </ClInclude>
    <ClInclude Include="$(MSBuildThisFileDirectory)..\EulerRotations.hpp">
      <Filter>Algebra</Filter>
    </ClInclude>
    <ClInclude Include="$(MSBuildThisFileDirectory)..\Quaternion.hpp">
      <Filter>Quaternion</Filter>
    </ClInclude>
    <ClInclude Include="$(MSBuildThisFileDirectory)..\QuaternionDecompose.hpp">
      <Filter>Quaternion</Filter>
    </ClInclude>
    <ClInclude Include="$(MSBuildThisFileDirectory)..\Box2.hpp">
      <Filter>Box</Filter>
    </ClInclude>
    <ClInclude Include="$(MSBuildThisFileDirectory)..\Box3.hpp">
      <Filter>Box</Filter>
    </ClInclude>
    <ClInclude Include="$(MSBuildThisFileDirectory)..\Line2.hpp">
      <Filter>Line</Filter>
    </ClInclude>
    <ClInclude Include="$(MSBuildThisFileDirectory)..\Line3.hpp">
      <Filter>Line</Filter>
    </ClInclude>
    <ClInclude Include="$(MSBuildThisFileDirectory)..\Sphere2.hpp">
      <Filter>Sphere</Filter>
    </ClInclude>
    <ClInclude Include="$(MSBuildThisFileDirectory)..\Sphere3.hpp">
      <Filter>Sphere</Filter>
    </ClInclude>
    <ClInclude Include="$(MSBuildThisFileDirectory)..\Ray2.hpp">
      <Filter>Ray</Filter>
    </ClInclude>
    <ClInclude Include="$(MSBuildThisFileDirectory)..\Ray3.hpp">
      <Filter>Ray</Filter>
    </ClInclude>
    <ClInclude Include="$(MSBuildThisFileDirectory)..\Triangle2.hpp">
      <Filter>Triangle</Filter>
    </ClInclude>
    <ClInclude Include="$(MSBuildThisFileDirectory)..\Triangle3.hpp">
      <Filter>Triangle</Filter>
    </ClInclude>
  </ItemGroup>
</Project>