<?xml version="1.0" encoding="utf-8"?>
<Project ToolsVersion="4.0" xmlns="http://schemas.microsoft.com/developer/msbuild/2003">
  <ItemGroup>
    <ClCompile Include="pch.cpp" />
    <ClCompile Include="MainApplication.cpp">
      <Filter>Application</Filter>
    </ClCompile>
    <ClCompile Include="MainForm.cpp">
      <Filter>MainForm</Filter>
    </ClCompile>
    <ClCompile Include="SchemeColorDef.cpp">
      <Filter>SchemeColors</Filter>
    </ClCompile>
    <ClCompile Include="menu_skin_renderer.cpp">
      <Filter>widget skin</Filter>
    </ClCompile>
    <ClCompile Include="AssetPackagePanel.cpp">
      <Filter>AssetPackagePanel</Filter>
    </ClCompile>
    <ClCompile Include="tabbar_item_skin_renderer.cpp">
      <Filter>widget skin</Filter>
    </ClCompile>
  </ItemGroup>
  <ItemGroup>
    <ClInclude Include="pch.h" />
    <ClInclude Include="MainForm.hpp">
      <Filter>MainForm</Filter>
    </ClInclude>
    <ClInclude Include="SchemeColorDef.hpp">
      <Filter>SchemeColors</Filter>
    </ClInclude>
    <ClInclude Include="menu_skin_renderer.hpp">
      <Filter>widget skin</Filter>
    </ClInclude>
    <ClInclude Include="AssetPackagePanel.hpp">
      <Filter>AssetPackagePanel</Filter>
    </ClInclude>
    <ClInclude Include="tabbar_item_skin_renderer.hpp">
      <Filter>widget skin</Filter>
    </ClInclude>
  </ItemGroup>
  <ItemGroup>
    <Filter Include="Application">
      <UniqueIdentifier>{bd1e0b1e-2cd1-4a98-b0dc-e3b38dc3da19}</UniqueIdentifier>
    </Filter>
    <Filter Include="MainForm">
      <UniqueIdentifier>{5c001f3c-ee1d-4165-9952-e4b3cd132f29}</UniqueIdentifier>
    </Filter>
    <Filter Include="SchemeColors">
      <UniqueIdentifier>{d39af7b6-9ae3-4c3f-8ece-94dc337f0ba5}</UniqueIdentifier>
    </Filter>
    <Filter Include="widget skin">
      <UniqueIdentifier>{0bee057f-adc6-444c-8ad1-070920337e2c}</UniqueIdentifier>
    </Filter>
    <Filter Include="AssetPackagePanel">
      <UniqueIdentifier>{5c823f3f-99cd-4d7e-860d-79649a23fd3a}</UniqueIdentifier>
    </Filter>
  </ItemGroup>
</Project>