<?xml version="1.0" encoding="utf-8"?>
<Project ToolsVersion="4.0" xmlns="http://schemas.microsoft.com/developer/msbuild/2003">
  <ItemGroup>
    <ClInclude Include="pch.h" />
    <ClInclude Include="AndroidBridge.h">
      <Filter>AndroidBridge</Filter>
    </ClInclude>
  </ItemGroup>
  <ItemGroup>
    <Filter Include="AndroidBridge">
      <UniqueIdentifier>{222eee2c-e1cc-4fc4-85f7-f74d1fdd67c7}</UniqueIdentifier>
    </Filter>
  </ItemGroup>
  <ItemGroup>
    <ClCompile Include="AndroidBridge.cpp">
      <Filter>AndroidBridge</Filter>
    </ClCompile>
  </ItemGroup>
  <ItemGroup>
    <None Include="AndroidBridgeJni.inl">
      <Filter>AndroidBridge</Filter>
    </None>
  </ItemGroup>
</Project>